
Microsoft Visual Studio Solution File, Format Version 12.00
# Visual Studio 15
VisualStudioVersion = 15.0.28307.779
MinimumVisualStudioVersion = 10.0.40219.1
Project("{FAE04EC0-301F-11D3-BF4B-00C04F79EFBC}") = "LC3_Simulator_WPF", "LC3_Simulator_WPF\LC3_Simulator_WPF.csproj", "{DAE1F3C9-C525-499D-B1B5-26E14EFC28B9}"
EndProject
Global
	GlobalSection(SolutionConfigurationPlatforms) = preSolution
		Debug|Any CPU = Debug|Any CPU
		Release|Any CPU = Release|Any CPU
	EndGlobalSection
	GlobalSection(ProjectConfigurationPlatforms) = postSolution
		{DAE1F3C9-C525-499D-B1B5-26E14EFC28B9}.Debug|Any CPU.ActiveCfg = Debug|Any CPU
		{DAE1F3C9-C525-499D-B1B5-26E14EFC28B9}.Debug|Any CPU.Build.0 = Debug|Any CPU
		{DAE1F3C9-C525-499D-B1B5-26E14EFC28B9}.Release|Any CPU.ActiveCfg = Release|Any CPU
		{DAE1F3C9-C525-499D-B1B5-26E14EFC28B9}.Release|Any CPU.Build.0 = Release|Any CPU
	EndGlobalSection
	GlobalSection(SolutionProperties) = preSolution
		HideSolutionNode = FALSE
	EndGlobalSection
	GlobalSection(ExtensibilityGlobals) = postSolution
		SolutionGuid = {495F231C-5C84-46C1-B827-932D76ED95F3}
	EndGlobalSection
EndGlobal
